<Solution>
  <Project Path="../PasswordValidator.IntegrationTests/PasswordValidator.IntegrationTests.csproj" Id="e91f125a-692f-4801-b030-1a04caf56713" />
  <Project Path="../PasswordValidator.UnitTests/PasswordValidator.UnitTests.csproj" Id="ce8dfb6b-9da5-4b91-9660-3eaddc14daf6" />
  <Project Path="PasswordValidator.csproj" />
</Solution>
